
Microsoft Visual Studio Solution File, Format Version 12.00
# Visual Studio Version 17
VisualStudioVersion = 17.9.34616.47
MinimumVisualStudioVersion = 10.0.40219.1
Project("{9A19103F-16F7-4668-BE54-9A1E7A4F7556}") = "Real-time weather monitoring and reporting service", "Real-time weather monitoring and reporting service\Real-time weather monitoring and reporting service.csproj", "{82456375-CDF6-48EE-9D93-6A07DD39359F}"
EndProject
Project("{FAE04EC0-301F-11D3-BF4B-00C04F79EFBC}") = "Real-time weather Project Tests", "Real-time weather Project Tests\Real-time weather Project Tests.csproj", "{D4372D2E-5F8F-4242-A7CD-48748B40DA49}"
EndProject
Global
	GlobalSection(SolutionConfigurationPlatforms) = preSolution
		Debug|Any CPU = Debug|Any CPU
		Release|Any CPU = Release|Any CPU
	EndGlobalSection
	GlobalSection(ProjectConfigurationPlatforms) = postSolution
		{82456375-CDF6-48EE-9D93-6A07DD39359F}.Debug|Any CPU.ActiveCfg = Debug|Any CPU
		{82456375-CDF6-48EE-9D93-6A07DD39359F}.Debug|Any CPU.Build.0 = Debug|Any CPU
		{82456375-CDF6-48EE-9D93-6A07DD39359F}.Release|Any CPU.ActiveCfg = Release|Any CPU
		{82456375-CDF6-48EE-9D93-6A07DD39359F}.Release|Any CPU.Build.0 = Release|Any CPU
		{D4372D2E-5F8F-4242-A7CD-48748B40DA49}.Debug|Any CPU.ActiveCfg = Debug|Any CPU
		{D4372D2E-5F8F-4242-A7CD-48748B40DA49}.Debug|Any CPU.Build.0 = Debug|Any CPU
		{D4372D2E-5F8F-4242-A7CD-48748B40DA49}.Release|Any CPU.ActiveCfg = Release|Any CPU
		{D4372D2E-5F8F-4242-A7CD-48748B40DA49}.Release|Any CPU.Build.0 = Release|Any CPU
	EndGlobalSection
	GlobalSection(SolutionProperties) = preSolution
		HideSolutionNode = FALSE
	EndGlobalSection
	GlobalSection(ExtensibilityGlobals) = postSolution
		SolutionGuid = {6704C0CF-6D01-4855-9081-C144B0FE98EA}
	EndGlobalSection
EndGlobal
